
Microsoft Visual Studio Solution File, Format Version 12.00
# Visual Studio 15
VisualStudioVersion = 15.0.27004.2002
MinimumVisualStudioVersion = 10.0.40219.1
Project("{FAE04EC0-301F-11D3-BF4B-00C04F79EFBC}") = "Web", "Web\Web.csproj", "{6A4C0CD3-7A3D-496E-9D6B-08B7BA3151CD}"
EndProject
Project("{FAE04EC0-301F-11D3-BF4B-00C04F79EFBC}") = "Services", "Services\Services.csproj", "{7373ADAA-6036-450F-80B3-C2041D451A60}"
EndProject
Project("{FAE04EC0-301F-11D3-BF4B-00C04F79EFBC}") = "DAL", "DAL\DAL.csproj", "{01873D33-6F1B-473F-9729-4BCAC26C50F9}"
EndProject
Project("{FAE04EC0-301F-11D3-BF4B-00C04F79EFBC}") = "Common", "Common\Common.csproj", "{C3293A96-E11C-474F-A819-C058A3C3CFD0}"
EndProject
Global
	GlobalSection(SolutionConfigurationPlatforms) = preSolution
		Debug|Any CPU = Debug|Any CPU
		Release|Any CPU = Release|Any CPU
	EndGlobalSection
	GlobalSection(ProjectConfigurationPlatforms) = postSolution
		{6A4C0CD3-7A3D-496E-9D6B-08B7BA3151CD}.Debug|Any CPU.ActiveCfg = Debug|Any CPU
		{6A4C0CD3-7A3D-496E-9D6B-08B7BA3151CD}.Debug|Any CPU.Build.0 = Debug|Any CPU
		{6A4C0CD3-7A3D-496E-9D6B-08B7BA3151CD}.Release|Any CPU.ActiveCfg = Release|Any CPU
		{6A4C0CD3-7A3D-496E-9D6B-08B7BA3151CD}.Release|Any CPU.Build.0 = Release|Any CPU
		{7373ADAA-6036-450F-80B3-C2041D451A60}.Debug|Any CPU.ActiveCfg = Debug|Any CPU
		{7373ADAA-6036-450F-80B3-C2041D451A60}.Debug|Any CPU.Build.0 = Debug|Any CPU
		{7373ADAA-6036-450F-80B3-C2041D451A60}.Release|Any CPU.ActiveCfg = Release|Any CPU
		{7373ADAA-6036-450F-80B3-C2041D451A60}.Release|Any CPU.Build.0 = Release|Any CPU
		{01873D33-6F1B-473F-9729-4BCAC26C50F9}.Debug|Any CPU.ActiveCfg = Debug|Any CPU
		{01873D33-6F1B-473F-9729-4BCAC26C50F9}.Debug|Any CPU.Build.0 = Debug|Any CPU
		{01873D33-6F1B-473F-9729-4BCAC26C50F9}.Release|Any CPU.ActiveCfg = Release|Any CPU
		{01873D33-6F1B-473F-9729-4BCAC26C50F9}.Release|Any CPU.Build.0 = Release|Any CPU
		{C3293A96-E11C-474F-A819-C058A3C3CFD0}.Debug|Any CPU.ActiveCfg = Debug|Any CPU
		{C3293A96-E11C-474F-A819-C058A3C3CFD0}.Debug|Any CPU.Build.0 = Debug|Any CPU
		{C3293A96-E11C-474F-A819-C058A3C3CFD0}.Release|Any CPU.ActiveCfg = Release|Any CPU
		{C3293A96-E11C-474F-A819-C058A3C3CFD0}.Release|Any CPU.Build.0 = Release|Any CPU
	EndGlobalSection
	GlobalSection(SolutionProperties) = preSolution
		HideSolutionNode = FALSE
	EndGlobalSection
	GlobalSection(ExtensibilityGlobals) = postSolution
		SolutionGuid = {890CA197-7107-4598-980D-1EC817E1A8FC}
	EndGlobalSection
EndGlobal
